
Microsoft Visual Studio Solution File, Format Version 12.00
# Visual Studio Version 17
VisualStudioVersion = 17.9.34714.143
MinimumVisualStudioVersion = 10.0.40219.1
Project("{FAE04EC0-301F-11D3-BF4B-00C04F79EFBC}") = "ConsoleApp1", "ConsoleApp1.csproj", "{F5893A36-DAF9-4C09-8E68-0500B3D1E8A2}"
EndProject
Project("{FAE04EC0-301F-11D3-BF4B-00C04F79EFBC}") = "UI", "..\UI\UI.csproj", "{C8C27837-32D9-410D-B099-AF1AD594B3C8}"
EndProject
Global
	GlobalSection(SolutionConfigurationPlatforms) = preSolution
		Debug|Any CPU = Debug|Any CPU
		Release|Any CPU = Release|Any CPU
	EndGlobalSection
	GlobalSection(ProjectConfigurationPlatforms) = postSolution
		{F5893A36-DAF9-4C09-8E68-0500B3D1E8A2}.Debug|Any CPU.ActiveCfg = Debug|Any CPU
		{F5893A36-DAF9-4C09-8E68-0500B3D1E8A2}.Debug|Any CPU.Build.0 = Debug|Any CPU
		{F5893A36-DAF9-4C09-8E68-0500B3D1E8A2}.Release|Any CPU.ActiveCfg = Release|Any CPU
		{F5893A36-DAF9-4C09-8E68-0500B3D1E8A2}.Release|Any CPU.Build.0 = Release|Any CPU
		{C8C27837-32D9-410D-B099-AF1AD594B3C8}.Debug|Any CPU.ActiveCfg = Debug|Any CPU
		{C8C27837-32D9-410D-B099-AF1AD594B3C8}.Debug|Any CPU.Build.0 = Debug|Any CPU
		{C8C27837-32D9-410D-B099-AF1AD594B3C8}.Release|Any CPU.ActiveCfg = Release|Any CPU
		{C8C27837-32D9-410D-B099-AF1AD594B3C8}.Release|Any CPU.Build.0 = Release|Any CPU
	EndGlobalSection
	GlobalSection(SolutionProperties) = preSolution
		HideSolutionNode = FALSE
	EndGlobalSection
	GlobalSection(ExtensibilityGlobals) = postSolution
		SolutionGuid = {19B70DAA-2BE0-4918-84DA-5127F50CA1CA}
	EndGlobalSection
EndGlobal
